<?xml version="1.0" encoding="utf-8"?>
<Project ToolsVersion="4.0" xmlns="http://schemas.microsoft.com/developer/msbuild/2003">
  <ItemGroup>
    <Filter Include="Source Files">
      <UniqueIdentifier>{4FC737F1-C7A5-4376-A066-2A32D752A2FF}</UniqueIdentifier>
      <Extensions>cpp;c;cc;cxx;def;odl;idl;hpj;bat;asm;asmx</Extensions>
    </Filter>
    <Filter Include="Header Files">
      <UniqueIdentifier>{93995380-89BD-4b04-88EB-625FBE52EBFB}</UniqueIdentifier>
      <Extensions>h;hh;hpp;hxx;hm;inl;inc;xsd</Extensions>
    </Filter>
    <Filter Include="Source Files\test">
      <UniqueIdentifier>{57cbc39a-a569-4730-9043-d7aa253f3c0e}</UniqueIdentifier>
    </Filter>
    <Filter Include="Source Files\examples">
      <UniqueIdentifier>{10b0b30a-464b-4b5e-92d0-bc9ba8c1eee2}</UniqueIdentifier>
    </Filter>
    <Filter Include="Header Files\test">
      <UniqueIdentifier>{4aa553fc-51b9-4805-97d7-b38379b45f7c}</UniqueIdentifier>
    </Filter>
  </ItemGroup>
  <ItemGroup>
    <ClCompile Include="..\..\examples\readgeneric.c">
      <Filter>Source Files\examples</Filter>
    </ClCompile>
    <ClCompile Include="..\..\examples\readgwy.c">
      <Filter>Source Files\examples</Filter>
    </ClCompile>
    <ClCompile Include="..\..\examples\writegeneric.c">
      <Filter>Source Files\examples</Filter>
    </ClCompile>
    <ClCompile Include="..\..\examples\writegwy.c">
      <Filter>Source Files\examples</Filter>
    </ClCompile>
    <ClCompile Include="..\..\test\item_double_array_const_const.c">
      <Filter>Source Files\test</Filter>
    </ClCompile>
    <ClCompile Include="..\..\test\item_double_array_const_setcopy.c">
      <Filter>Source Files\test</Filter>
    </ClCompile>
    <ClCompile Include="..\..\test\item_double_array_const_setowned.c">
      <Filter>Source Files\test</Filter>
    </ClCompile>
    <ClCompile Include="..\..\test\item_double_array_copy_owned.c">
      <Filter>Source Files\test</Filter>
    </ClCompile>
    <ClCompile Include="..\..\test\item_double_array_copy_take.c">
      <Filter>Source Files\test</Filter>
    </ClCompile>
    <ClCompile Include="..\..\test\item_double_array_owned_owned.c">
      <Filter>Source Files\test</Filter>
    </ClCompile>
    <ClCompile Include="..\..\test\item_double_array_owned_setconst.c">
      <Filter>Source Files\test</Filter>
    </ClCompile>
    <ClCompile Include="..\..\test\item_char_array_const_const.c">
      <Filter>Source Files\test</Filter>
    </ClCompile>
    <ClCompile Include="..\..\test\item_char_array_const_setcopy.c">
      <Filter>Source Files\test</Filter>
    </ClCompile>
    <ClCompile Include="..\..\test\item_char_array_const_setowned.c">
      <Filter>Source Files\test</Filter>
    </ClCompile>
    <ClCompile Include="..\..\test\item_char_array_copy_owned.c">
      <Filter>Source Files\test</Filter>
    </ClCompile>
    <ClCompile Include="..\..\test\item_char_array_copy_take.c">
      <Filter>Source Files\test</Filter>
    </ClCompile>
    <ClCompile Include="..\..\test\item_char_array_owned_owned.c">
      <Filter>Source Files\test</Filter>
    </ClCompile>
    <ClCompile Include="..\..\test\item_char_array_owned_setconst.c">
      <Filter>Source Files\test</Filter>
    </ClCompile>
    <ClCompile Include="..\..\test\item_int32_array_const_const.c">
      <Filter>Source Files\test</Filter>
    </ClCompile>
    <ClCompile Include="..\..\test\item_int32_array_const_setcopy.c">
      <Filter>Source Files\test</Filter>
    </ClCompile>
    <ClCompile Include="..\..\test\item_int32_array_const_setowned.c">
      <Filter>Source Files\test</Filter>
    </ClCompile>
    <ClCompile Include="..\..\test\item_int32_array_copy_owned.c">
      <Filter>Source Files\test</Filter>
    </ClCompile>
    <ClCompile Include="..\..\test\item_int32_array_copy_take.c">
      <Filter>Source Files\test</Filter>
    </ClCompile>
    <ClCompile Include="..\..\test\item_int32_array_owned_owned.c">
      <Filter>Source Files\test</Filter>
    </ClCompile>
    <ClCompile Include="..\..\test\item_int32_array_owned_setconst.c">
      <Filter>Source Files\test</Filter>
    </ClCompile>
    <ClCompile Include="..\..\test\item_int64_array_const_const.c">
      <Filter>Source Files\test</Filter>
    </ClCompile>
    <ClCompile Include="..\..\test\item_int64_array_const_setcopy.c">
      <Filter>Source Files\test</Filter>
    </ClCompile>
    <ClCompile Include="..\..\test\item_int64_array_const_setowned.c">
      <Filter>Source Files\test</Filter>
    </ClCompile>
    <ClCompile Include="..\..\test\item_int64_array_copy_owned.c">
      <Filter>Source Files\test</Filter>
    </ClCompile>
    <ClCompile Include="..\..\test\item_int64_array_copy_take.c">
      <Filter>Source Files\test</Filter>
    </ClCompile>
    <ClCompile Include="..\..\test\item_int64_array_owned_owned.c">
      <Filter>Source Files\test</Filter>
    </ClCompile>
    <ClCompile Include="..\..\test\item_int64_array_owned_setconst.c">
      <Filter>Source Files\test</Filter>
    </ClCompile>
    <ClCompile Include="..\..\test\item_string_array_const_const.c">
      <Filter>Source Files\test</Filter>
    </ClCompile>
    <ClCompile Include="..\..\test\item_string_array_const_setcopy.c">
      <Filter>Source Files\test</Filter>
    </ClCompile>
    <ClCompile Include="..\..\test\item_string_array_const_setowned.c">
      <Filter>Source Files\test</Filter>
    </ClCompile>
    <ClCompile Include="..\..\test\item_string_array_copy_owned.c">
      <Filter>Source Files\test</Filter>
    </ClCompile>
    <ClCompile Include="..\..\test\item_string_array_copy_take.c">
      <Filter>Source Files\test</Filter>
    </ClCompile>
    <ClCompile Include="..\..\test\item_string_array_owned_owned.c">
      <Filter>Source Files\test</Filter>
    </ClCompile>
    <ClCompile Include="..\..\test\item_string_array_owned_setconst.c">
      <Filter>Source Files\test</Filter>
    </ClCompile>
    <ClCompile Include="..\..\test\item_string_const_const.c">
      <Filter>Source Files\test</Filter>
    </ClCompile>
    <ClCompile Include="..\..\test\item_string_const_setcopy.c">
      <Filter>Source Files\test</Filter>
    </ClCompile>
    <ClCompile Include="..\..\test\item_string_const_setowned.c">
      <Filter>Source Files\test</Filter>
    </ClCompile>
    <ClCompile Include="..\..\test\item_string_copy_owned.c">
      <Filter>Source Files\test</Filter>
    </ClCompile>
    <ClCompile Include="..\..\test\item_string_copy_take.c">
      <Filter>Source Files\test</Filter>
    </ClCompile>
    <ClCompile Include="..\..\test\item_string_owned_owned.c">
      <Filter>Source Files\test</Filter>
    </ClCompile>
    <ClCompile Include="..\..\test\item_string_owned_setconst.c">
      <Filter>Source Files\test</Filter>
    </ClCompile>
    <ClCompile Include="..\..\test\object_brick_const.c">
      <Filter>Source Files\test</Filter>
    </ClCompile>
    <ClCompile Include="..\..\test\object_brick_copy.c">
      <Filter>Source Files\test</Filter>
    </ClCompile>
    <ClCompile Include="..\..\test\object_brick_owned.c">
      <Filter>Source Files\test</Filter>
    </ClCompile>
    <ClCompile Include="..\..\test\object_datafield_const.c">
      <Filter>Source Files\test</Filter>
    </ClCompile>
    <ClCompile Include="..\..\test\object_datafield_copy.c">
      <Filter>Source Files\test</Filter>
    </ClCompile>
    <ClCompile Include="..\..\test\object_datafield_owned.c">
      <Filter>Source Files\test</Filter>
    </ClCompile>
    <ClCompile Include="..\..\test\object_dataline_const.c">
      <Filter>Source Files\test</Filter>
    </ClCompile>
    <ClCompile Include="..\..\test\object_dataline_copy.c">
      <Filter>Source Files\test</Filter>
    </ClCompile>
    <ClCompile Include="..\..\test\object_dataline_owned.c">
      <Filter>Source Files\test</Filter>
    </ClCompile>
    <ClCompile Include="..\..\test\object_extract.c">
      <Filter>Source Files\test</Filter>
    </ClCompile>
  </ItemGroup>
  <ItemGroup>
    <ClInclude Include="..\..\test\common.h">
      <Filter>Header Files\test</Filter>
    </ClInclude>
  </ItemGroup>
</Project>